// !$*UTF8*$!
{
	archiveVersion = 1;
	classes = {
	};
	objectVersion = 52;
	objects = {

/* Begin PBXAggregateTarget section */
		24416B8111C4CA220047AFDD /* Build & Test */ = {
			isa = PBXAggregateTarget;
			buildConfigurationList = 24416B8A11C4CA520047AFDD /* Build configuration list for PBXAggregateTarget "Build & Test" */;
			buildPhases = (
				24416B8011C4CA220047AFDD /* ShellScript */,
			);
			dependencies = (
				24416B8511C4CA280047AFDD /* PBXTargetDependency */,
			);
			name = "Build & Test";
			productName = "Build & test";
		};
/* End PBXAggregateTarget section */

/* Begin PBXBuildFile section */
		24DD6CF91134B3F500162E58 /* GuyMcdoooooTipopModule.h in Headers */ = {isa = PBXBuildFile; fileRef = 24DD6CF71134B3F500162E58 /* GuyMcdoooooTipopModule.h */; };
		24DD6CFA1134B3F500162E58 /* GuyMcdoooooTipopModule.m in Sources */ = {isa = PBXBuildFile; fileRef = 24DD6CF81134B3F500162E58 /* GuyMcdoooooTipopModule.m */; };
		24DE9E1111C5FE74003F90F6 /* GuyMcdoooooTipopModuleAssets.h in Headers */ = {isa = PBXBuildFile; fileRef = 24DE9E0F11C5FE74003F90F6 /* GuyMcdoooooTipopModuleAssets.h */; };
		24DE9E1211C5FE74003F90F6 /* GuyMcdoooooTipopModuleAssets.m in Sources */ = {isa = PBXBuildFile; fileRef = 24DE9E1011C5FE74003F90F6 /* GuyMcdoooooTipopModuleAssets.m */; };
		2CDFE85A26EFB9890013F9C3 /* TitaniumKit.xcframework in Frameworks */ = {isa = PBXBuildFile; fileRef = 2CDFE85926EFB9880013F9C3 /* TitaniumKit.xcframework */; };
		9D7DB0E51A08D6DD008231BF /* CAMediaTimingFunction+ExtendedFunc.h in Headers */ = {isa = PBXBuildFile; fileRef = 9D7DB0E31A08D6DD008231BF /* CAMediaTimingFunction+ExtendedFunc.h */; };
		9D7DB0E61A08D6DD008231BF /* CAMediaTimingFunction+ExtendedFunc.m in Sources */ = {isa = PBXBuildFile; fileRef = 9D7DB0E41A08D6DD008231BF /* CAMediaTimingFunction+ExtendedFunc.m */; };
		9D7DB0EA1A090634008231BF /* FBPOPAnimator.h in Headers */ = {isa = PBXBuildFile; fileRef = 9D7DB0E81A090634008231BF /* FBPOPAnimator.h */; };
		9D7DB0EB1A090634008231BF /* FBPOPAnimator.m in Sources */ = {isa = PBXBuildFile; fileRef = 9D7DB0E91A090634008231BF /* FBPOPAnimator.m */; };
		9DA24E271A02347100BB89C7 /* POP.h in Headers */ = {isa = PBXBuildFile; fileRef = 9DA24DF21A02347100BB89C7 /* POP.h */; };
		9DA24E281A02347100BB89C7 /* POPAction.h in Headers */ = {isa = PBXBuildFile; fileRef = 9DA24DF31A02347100BB89C7 /* POPAction.h */; };
		9DA24E291A02347100BB89C7 /* POPAnimatableProperty.h in Headers */ = {isa = PBXBuildFile; fileRef = 9DA24DF41A02347100BB89C7 /* POPAnimatableProperty.h */; };
		9DA24E2A1A02347100BB89C7 /* POPAnimatableProperty.mm in Sources */ = {isa = PBXBuildFile; fileRef = 9DA24DF51A02347100BB89C7 /* POPAnimatableProperty.mm */; };
		9DA24E2B1A02347100BB89C7 /* POPAnimation.h in Headers */ = {isa = PBXBuildFile; fileRef = 9DA24DF61A02347100BB89C7 /* POPAnimation.h */; };
		9DA24E2C1A02347100BB89C7 /* POPAnimation.mm in Sources */ = {isa = PBXBuildFile; fileRef = 9DA24DF71A02347100BB89C7 /* POPAnimation.mm */; };
		9DA24E2D1A02347100BB89C7 /* POPAnimationEvent.h in Headers */ = {isa = PBXBuildFile; fileRef = 9DA24DF81A02347100BB89C7 /* POPAnimationEvent.h */; };
		9DA24E2E1A02347100BB89C7 /* POPAnimationEvent.mm in Sources */ = {isa = PBXBuildFile; fileRef = 9DA24DF91A02347100BB89C7 /* POPAnimationEvent.mm */; };
		9DA24E2F1A02347100BB89C7 /* POPAnimationEventInternal.h in Headers */ = {isa = PBXBuildFile; fileRef = 9DA24DFA1A02347100BB89C7 /* POPAnimationEventInternal.h */; };
		9DA24E301A02347100BB89C7 /* POPAnimationExtras.h in Headers */ = {isa = PBXBuildFile; fileRef = 9DA24DFB1A02347100BB89C7 /* POPAnimationExtras.h */; };
		9DA24E311A02347100BB89C7 /* POPAnimationExtras.mm in Sources */ = {isa = PBXBuildFile; fileRef = 9DA24DFC1A02347100BB89C7 /* POPAnimationExtras.mm */; };
		9DA24E321A02347100BB89C7 /* POPAnimationInternal.h in Headers */ = {isa = PBXBuildFile; fileRef = 9DA24DFD1A02347100BB89C7 /* POPAnimationInternal.h */; };
		9DA24E331A02347100BB89C7 /* POPAnimationPrivate.h in Headers */ = {isa = PBXBuildFile; fileRef = 9DA24DFE1A02347100BB89C7 /* POPAnimationPrivate.h */; };
		9DA24E341A02347100BB89C7 /* POPAnimationRuntime.h in Headers */ = {isa = PBXBuildFile; fileRef = 9DA24DFF1A02347100BB89C7 /* POPAnimationRuntime.h */; };
		9DA24E351A02347100BB89C7 /* POPAnimationRuntime.mm in Sources */ = {isa = PBXBuildFile; fileRef = 9DA24E001A02347100BB89C7 /* POPAnimationRuntime.mm */; };
		9DA24E361A02347100BB89C7 /* POPAnimationTracer.h in Headers */ = {isa = PBXBuildFile; fileRef = 9DA24E011A02347100BB89C7 /* POPAnimationTracer.h */; };
		9DA24E371A02347100BB89C7 /* POPAnimationTracer.mm in Sources */ = {isa = PBXBuildFile; fileRef = 9DA24E021A02347100BB89C7 /* POPAnimationTracer.mm */; };
		9DA24E381A02347100BB89C7 /* POPAnimationTracerInternal.h in Headers */ = {isa = PBXBuildFile; fileRef = 9DA24E031A02347100BB89C7 /* POPAnimationTracerInternal.h */; };
		9DA24E391A02347100BB89C7 /* POPAnimator.h in Headers */ = {isa = PBXBuildFile; fileRef = 9DA24E041A02347100BB89C7 /* POPAnimator.h */; };
		9DA24E3A1A02347100BB89C7 /* POPAnimator.mm in Sources */ = {isa = PBXBuildFile; fileRef = 9DA24E051A02347100BB89C7 /* POPAnimator.mm */; };
		9DA24E3B1A02347100BB89C7 /* POPAnimatorPrivate.h in Headers */ = {isa = PBXBuildFile; fileRef = 9DA24E061A02347100BB89C7 /* POPAnimatorPrivate.h */; };
		9DA24E3C1A02347100BB89C7 /* POPBasicAnimation.h in Headers */ = {isa = PBXBuildFile; fileRef = 9DA24E071A02347100BB89C7 /* POPBasicAnimation.h */; };
		9DA24E3D1A02347100BB89C7 /* POPBasicAnimation.mm in Sources */ = {isa = PBXBuildFile; fileRef = 9DA24E081A02347100BB89C7 /* POPBasicAnimation.mm */; };
		9DA24E3E1A02347100BB89C7 /* POPBasicAnimationInternal.h in Headers */ = {isa = PBXBuildFile; fileRef = 9DA24E091A02347100BB89C7 /* POPBasicAnimationInternal.h */; };
		9DA24E3F1A02347100BB89C7 /* POPCGUtils.h in Headers */ = {isa = PBXBuildFile; fileRef = 9DA24E0A1A02347100BB89C7 /* POPCGUtils.h */; };
		9DA24E401A02347100BB89C7 /* POPCGUtils.mm in Sources */ = {isa = PBXBuildFile; fileRef = 9DA24E0B1A02347100BB89C7 /* POPCGUtils.mm */; };
		9DA24E411A02347100BB89C7 /* POPCustomAnimation.h in Headers */ = {isa = PBXBuildFile; fileRef = 9DA24E0C1A02347100BB89C7 /* POPCustomAnimation.h */; };
		9DA24E421A02347100BB89C7 /* POPCustomAnimation.mm in Sources */ = {isa = PBXBuildFile; fileRef = 9DA24E0D1A02347100BB89C7 /* POPCustomAnimation.mm */; };
		9DA24E431A02347100BB89C7 /* POPDecayAnimation.h in Headers */ = {isa = PBXBuildFile; fileRef = 9DA24E0E1A02347100BB89C7 /* POPDecayAnimation.h */; };
		9DA24E441A02347100BB89C7 /* POPDecayAnimation.mm in Sources */ = {isa = PBXBuildFile; fileRef = 9DA24E0F1A02347100BB89C7 /* POPDecayAnimation.mm */; };
		9DA24E451A02347100BB89C7 /* POPDecayAnimationInternal.h in Headers */ = {isa = PBXBuildFile; fileRef = 9DA24E101A02347100BB89C7 /* POPDecayAnimationInternal.h */; };
		9DA24E461A02347100BB89C7 /* POPDefines.h in Headers */ = {isa = PBXBuildFile; fileRef = 9DA24E111A02347100BB89C7 /* POPDefines.h */; };
		9DA24E471A02347100BB89C7 /* POPGeometry.h in Headers */ = {isa = PBXBuildFile; fileRef = 9DA24E121A02347100BB89C7 /* POPGeometry.h */; };
		9DA24E481A02347100BB89C7 /* POPGeometry.mm in Sources */ = {isa = PBXBuildFile; fileRef = 9DA24E131A02347100BB89C7 /* POPGeometry.mm */; };
		9DA24E491A02347100BB89C7 /* POPLayerExtras.h in Headers */ = {isa = PBXBuildFile; fileRef = 9DA24E141A02347100BB89C7 /* POPLayerExtras.h */; };
		9DA24E4A1A02347100BB89C7 /* POPLayerExtras.mm in Sources */ = {isa = PBXBuildFile; fileRef = 9DA24E151A02347100BB89C7 /* POPLayerExtras.mm */; };
		9DA24E4B1A02347100BB89C7 /* POPMath.h in Headers */ = {isa = PBXBuildFile; fileRef = 9DA24E161A02347100BB89C7 /* POPMath.h */; };
		9DA24E4C1A02347100BB89C7 /* POPMath.mm in Sources */ = {isa = PBXBuildFile; fileRef = 9DA24E171A02347100BB89C7 /* POPMath.mm */; };
		9DA24E4D1A02347100BB89C7 /* POPPropertyAnimation.h in Headers */ = {isa = PBXBuildFile; fileRef = 9DA24E181A02347100BB89C7 /* POPPropertyAnimation.h */; };
		9DA24E4E1A02347100BB89C7 /* POPPropertyAnimation.mm in Sources */ = {isa = PBXBuildFile; fileRef = 9DA24E191A02347100BB89C7 /* POPPropertyAnimation.mm */; };
		9DA24E4F1A02347100BB89C7 /* POPPropertyAnimationInternal.h in Headers */ = {isa = PBXBuildFile; fileRef = 9DA24E1A1A02347100BB89C7 /* POPPropertyAnimationInternal.h */; };
		9DA24E501A02347100BB89C7 /* POPSpringAnimation.h in Headers */ = {isa = PBXBuildFile; fileRef = 9DA24E1B1A02347100BB89C7 /* POPSpringAnimation.h */; };
		9DA24E511A02347100BB89C7 /* POPSpringAnimation.mm in Sources */ = {isa = PBXBuildFile; fileRef = 9DA24E1C1A02347100BB89C7 /* POPSpringAnimation.mm */; };
		9DA24E521A02347100BB89C7 /* POPSpringAnimationInternal.h in Headers */ = {isa = PBXBuildFile; fileRef = 9DA24E1D1A02347100BB89C7 /* POPSpringAnimationInternal.h */; };
		9DA24E531A02347100BB89C7 /* POPSpringSolver.h in Headers */ = {isa = PBXBuildFile; fileRef = 9DA24E1E1A02347100BB89C7 /* POPSpringSolver.h */; };
		9DA24E541A02347100BB89C7 /* POPVector.h in Headers */ = {isa = PBXBuildFile; fileRef = 9DA24E1F1A02347100BB89C7 /* POPVector.h */; };
		9DA24E551A02347100BB89C7 /* POPVector.mm in Sources */ = {isa = PBXBuildFile; fileRef = 9DA24E201A02347100BB89C7 /* POPVector.mm */; };
		9DA24E561A02347100BB89C7 /* FloatConversion.h in Headers */ = {isa = PBXBuildFile; fileRef = 9DA24E221A02347100BB89C7 /* FloatConversion.h */; };
		9DA24E571A02347100BB89C7 /* TransformationMatrix.cpp in Sources */ = {isa = PBXBuildFile; fileRef = 9DA24E231A02347100BB89C7 /* TransformationMatrix.cpp */; };
		9DA24E581A02347100BB89C7 /* TransformationMatrix.h in Headers */ = {isa = PBXBuildFile; fileRef = 9DA24E241A02347100BB89C7 /* TransformationMatrix.h */; };
		9DA24E591A02347100BB89C7 /* UnitBezier.h in Headers */ = {isa = PBXBuildFile; fileRef = 9DA24E251A02347100BB89C7 /* UnitBezier.h */; };
		9DFBDFD41A64F4D200DC7DC5 /* SceneKit.framework in Frameworks */ = {isa = PBXBuildFile; fileRef = 9DFBDFD31A64F4D200DC7DC5 /* SceneKit.framework */; settings = {ATTRIBUTES = (Required, ); }; };
		AA747D9F0F9514B9006C5449 /* GuyMcdoooooTipop_Prefix.pch in Headers */ = {isa = PBXBuildFile; fileRef = AA747D9E0F9514B9006C5449 /* GuyMcdoooooTipop_Prefix.pch */; };
		C29788B11B62354C00454566 /* Foundation.framework in Frameworks */ = {isa = PBXBuildFile; fileRef = C29788B01B62354C00454566 /* Foundation.framework */; };
/* End PBXBuildFile section */

/* Begin PBXContainerItemProxy section */
		24416B8411C4CA280047AFDD /* PBXContainerItemProxy */ = {
			isa = PBXContainerItemProxy;
			containerPortal = 0867D690FE84028FC02AAC07 /* Project object */;
			proxyType = 1;
			remoteGlobalIDString = D2AAC07D0554694100DB518D;
			remoteInfo = tipop;
		};
/* End PBXContainerItemProxy section */

/* Begin PBXFileReference section */
		24DD6CF71134B3F500162E58 /* GuyMcdoooooTipopModule.h */ = {isa = PBXFileReference; fileEncoding = 4; lastKnownFileType = sourcecode.c.h; name = GuyMcdoooooTipopModule.h; path = Classes/GuyMcdoooooTipopModule.h; sourceTree = "<group>"; };
		24DD6CF81134B3F500162E58 /* GuyMcdoooooTipopModule.m */ = {isa = PBXFileReference; fileEncoding = 4; lastKnownFileType = sourcecode.c.objc; name = GuyMcdoooooTipopModule.m; path = Classes/GuyMcdoooooTipopModule.m; sourceTree = "<group>"; };
		24DD6D1B1134B66800162E58 /* titanium.xcconfig */ = {isa = PBXFileReference; fileEncoding = 4; lastKnownFileType = text.xcconfig; path = titanium.xcconfig; sourceTree = "<group>"; };
		24DE9E0F11C5FE74003F90F6 /* GuyMcdoooooTipopModuleAssets.h */ = {isa = PBXFileReference; fileEncoding = 4; lastKnownFileType = sourcecode.c.h; name = GuyMcdoooooTipopModuleAssets.h; path = Classes/GuyMcdoooooTipopModuleAssets.h; sourceTree = "<group>"; };
		24DE9E1011C5FE74003F90F6 /* GuyMcdoooooTipopModuleAssets.m */ = {isa = PBXFileReference; fileEncoding = 4; lastKnownFileType = sourcecode.c.objc; name = GuyMcdoooooTipopModuleAssets.m; path = Classes/GuyMcdoooooTipopModuleAssets.m; sourceTree = "<group>"; };
		2CDFE85926EFB9880013F9C3 /* TitaniumKit.xcframework */ = {isa = PBXFileReference; lastKnownFileType = wrapper.xcframework; name = TitaniumKit.xcframework; path = "$(TITANIUM_SDK)/iphone/Frameworks/TitaniumKit.xcframework"; sourceTree = "<group>"; };
		9D7DB0E31A08D6DD008231BF /* CAMediaTimingFunction+ExtendedFunc.h */ = {isa = PBXFileReference; fileEncoding = 4; lastKnownFileType = sourcecode.c.h; name = "CAMediaTimingFunction+ExtendedFunc.h"; path = "Classes/CAMediaTimingFunction+ExtendedFunc.h"; sourceTree = "<group>"; };
		9D7DB0E41A08D6DD008231BF /* CAMediaTimingFunction+ExtendedFunc.m */ = {isa = PBXFileReference; fileEncoding = 4; lastKnownFileType = sourcecode.c.objc; name = "CAMediaTimingFunction+ExtendedFunc.m"; path = "Classes/CAMediaTimingFunction+ExtendedFunc.m"; sourceTree = "<group>"; };
		9D7DB0E81A090634008231BF /* FBPOPAnimator.h */ = {isa = PBXFileReference; fileEncoding = 4; lastKnownFileType = sourcecode.c.h; name = FBPOPAnimator.h; path = Classes/FBPOPAnimator.h; sourceTree = "<group>"; };
		9D7DB0E91A090634008231BF /* FBPOPAnimator.m */ = {isa = PBXFileReference; fileEncoding = 4; lastKnownFileType = sourcecode.c.objc; name = FBPOPAnimator.m; path = Classes/FBPOPAnimator.m; sourceTree = "<group>"; };
		9DA24DEF1A02347100BB89C7 /* en */ = {isa = PBXFileReference; lastKnownFileType = text.plist.strings; name = en; path = en.lproj/InfoPlist.strings; sourceTree = "<group>"; };
		9DA24DF01A02347100BB89C7 /* pop-Info.plist */ = {isa = PBXFileReference; fileEncoding = 4; lastKnownFileType = text.plist.xml; path = "pop-Info.plist"; sourceTree = "<group>"; };
		9DA24DF21A02347100BB89C7 /* POP.h */ = {isa = PBXFileReference; fileEncoding = 4; lastKnownFileType = sourcecode.c.h; path = POP.h; sourceTree = "<group>"; };
		9DA24DF31A02347100BB89C7 /* POPAction.h */ = {isa = PBXFileReference; fileEncoding = 4; lastKnownFileType = sourcecode.c.h; path = POPAction.h; sourceTree = "<group>"; };
		9DA24DF41A02347100BB89C7 /* POPAnimatableProperty.h */ = {isa = PBXFileReference; fileEncoding = 4; lastKnownFileType = sourcecode.c.h; path = POPAnimatableProperty.h; sourceTree = "<group>"; };
		9DA24DF51A02347100BB89C7 /* POPAnimatableProperty.mm */ = {isa = PBXFileReference; fileEncoding = 4; lastKnownFileType = sourcecode.cpp.objcpp; path = POPAnimatableProperty.mm; sourceTree = "<group>"; };
		9DA24DF61A02347100BB89C7 /* POPAnimation.h */ = {isa = PBXFileReference; fileEncoding = 4; lastKnownFileType = sourcecode.c.h; path = POPAnimation.h; sourceTree = "<group>"; };
		9DA24DF71A02347100BB89C7 /* POPAnimation.mm */ = {isa = PBXFileReference; fileEncoding = 4; lastKnownFileType = sourcecode.cpp.objcpp; path = POPAnimation.mm; sourceTree = "<group>"; };
		9DA24DF81A02347100BB89C7 /* POPAnimationEvent.h */ = {isa = PBXFileReference; fileEncoding = 4; lastKnownFileType = sourcecode.c.h; path = POPAnimationEvent.h; sourceTree = "<group>"; };
		9DA24DF91A02347100BB89C7 /* POPAnimationEvent.mm */ = {isa = PBXFileReference; fileEncoding = 4; lastKnownFileType = sourcecode.cpp.objcpp; path = POPAnimationEvent.mm; sourceTree = "<group>"; };
		9DA24DFA1A02347100BB89C7 /* POPAnimationEventInternal.h */ = {isa = PBXFileReference; fileEncoding = 4; lastKnownFileType = sourcecode.c.h; path = POPAnimationEventInternal.h; sourceTree = "<group>"; };
		9DA24DFB1A02347100BB89C7 /* POPAnimationExtras.h */ = {isa = PBXFileReference; fileEncoding = 4; lastKnownFileType = sourcecode.c.h; path = POPAnimationExtras.h; sourceTree = "<group>"; };
		9DA24DFC1A02347100BB89C7 /* POPAnimationExtras.mm */ = {isa = PBXFileReference; fileEncoding = 4; lastKnownFileType = sourcecode.cpp.objcpp; path = POPAnimationExtras.mm; sourceTree = "<group>"; };
		9DA24DFD1A02347100BB89C7 /* POPAnimationInternal.h */ = {isa = PBXFileReference; fileEncoding = 4; lastKnownFileType = sourcecode.c.h; path = POPAnimationInternal.h; sourceTree = "<group>"; };
		9DA24DFE1A02347100BB89C7 /* POPAnimationPrivate.h */ = {isa = PBXFileReference; fileEncoding = 4; lastKnownFileType = sourcecode.c.h; path = POPAnimationPrivate.h; sourceTree = "<group>"; };
		9DA24DFF1A02347100BB89C7 /* POPAnimationRuntime.h */ = {isa = PBXFileReference; fileEncoding = 4; lastKnownFileType = sourcecode.c.h; path = POPAnimationRuntime.h; sourceTree = "<group>"; };
		9DA24E001A02347100BB89C7 /* POPAnimationRuntime.mm */ = {isa = PBXFileReference; fileEncoding = 4; lastKnownFileType = sourcecode.cpp.objcpp; path = POPAnimationRuntime.mm; sourceTree = "<group>"; };
		9DA24E011A02347100BB89C7 /* POPAnimationTracer.h */ = {isa = PBXFileReference; fileEncoding = 4; lastKnownFileType = sourcecode.c.h; path = POPAnimationTracer.h; sourceTree = "<group>"; };
		9DA24E021A02347100BB89C7 /* POPAnimationTracer.mm */ = {isa = PBXFileReference; fileEncoding = 4; lastKnownFileType = sourcecode.cpp.objcpp; path = POPAnimationTracer.mm; sourceTree = "<group>"; };
		9DA24E031A02347100BB89C7 /* POPAnimationTracerInternal.h */ = {isa = PBXFileReference; fileEncoding = 4; lastKnownFileType = sourcecode.c.h; path = POPAnimationTracerInternal.h; sourceTree = "<group>"; };
		9DA24E041A02347100BB89C7 /* POPAnimator.h */ = {isa = PBXFileReference; fileEncoding = 4; lastKnownFileType = sourcecode.c.h; path = POPAnimator.h; sourceTree = "<group>"; };
		9DA24E051A02347100BB89C7 /* POPAnimator.mm */ = {isa = PBXFileReference; fileEncoding = 4; lastKnownFileType = sourcecode.cpp.objcpp; path = POPAnimator.mm; sourceTree = "<group>"; };
		9DA24E061A02347100BB89C7 /* POPAnimatorPrivate.h */ = {isa = PBXFileReference; fileEncoding = 4; lastKnownFileType = sourcecode.c.h; path = POPAnimatorPrivate.h; sourceTree = "<group>"; };
		9DA24E071A02347100BB89C7 /* POPBasicAnimation.h */ = {isa = PBXFileReference; fileEncoding = 4; lastKnownFileType = sourcecode.c.h; path = POPBasicAnimation.h; sourceTree = "<group>"; };
		9DA24E081A02347100BB89C7 /* POPBasicAnimation.mm */ = {isa = PBXFileReference; fileEncoding = 4; lastKnownFileType = sourcecode.cpp.objcpp; path = POPBasicAnimation.mm; sourceTree = "<group>"; };
		9DA24E091A02347100BB89C7 /* POPBasicAnimationInternal.h */ = {isa = PBXFileReference; fileEncoding = 4; lastKnownFileType = sourcecode.c.h; path = POPBasicAnimationInternal.h; sourceTree = "<group>"; };
		9DA24E0A1A02347100BB89C7 /* POPCGUtils.h */ = {isa = PBXFileReference; fileEncoding = 4; lastKnownFileType = sourcecode.c.h; path = POPCGUtils.h; sourceTree = "<group>"; };
		9DA24E0B1A02347100BB89C7 /* POPCGUtils.mm */ = {isa = PBXFileReference; fileEncoding = 4; lastKnownFileType = sourcecode.cpp.objcpp; path = POPCGUtils.mm; sourceTree = "<group>"; };
		9DA24E0C1A02347100BB89C7 /* POPCustomAnimation.h */ = {isa = PBXFileReference; fileEncoding = 4; lastKnownFileType = sourcecode.c.h; path = POPCustomAnimation.h; sourceTree = "<group>"; };
		9DA24E0D1A02347100BB89C7 /* POPCustomAnimation.mm */ = {isa = PBXFileReference; fileEncoding = 4; lastKnownFileType = sourcecode.cpp.objcpp; path = POPCustomAnimation.mm; sourceTree = "<group>"; };
		9DA24E0E1A02347100BB89C7 /* POPDecayAnimation.h */ = {isa = PBXFileReference; fileEncoding = 4; lastKnownFileType = sourcecode.c.h; path = POPDecayAnimation.h; sourceTree = "<group>"; };
		9DA24E0F1A02347100BB89C7 /* POPDecayAnimation.mm */ = {isa = PBXFileReference; fileEncoding = 4; lastKnownFileType = sourcecode.cpp.objcpp; path = POPDecayAnimation.mm; sourceTree = "<group>"; };
		9DA24E101A02347100BB89C7 /* POPDecayAnimationInternal.h */ = {isa = PBXFileReference; fileEncoding = 4; lastKnownFileType = sourcecode.c.h; path = POPDecayAnimationInternal.h; sourceTree = "<group>"; };
		9DA24E111A02347100BB89C7 /* POPDefines.h */ = {isa = PBXFileReference; fileEncoding = 4; lastKnownFileType = sourcecode.c.h; path = POPDefines.h; sourceTree = "<group>"; };
		9DA24E121A02347100BB89C7 /* POPGeometry.h */ = {isa = PBXFileReference; fileEncoding = 4; lastKnownFileType = sourcecode.c.h; path = POPGeometry.h; sourceTree = "<group>"; };
		9DA24E131A02347100BB89C7 /* POPGeometry.mm */ = {isa = PBXFileReference; fileEncoding = 4; lastKnownFileType = sourcecode.cpp.objcpp; path = POPGeometry.mm; sourceTree = "<group>"; };
		9DA24E141A02347100BB89C7 /* POPLayerExtras.h */ = {isa = PBXFileReference; fileEncoding = 4; lastKnownFileType = sourcecode.c.h; path = POPLayerExtras.h; sourceTree = "<group>"; };
		9DA24E151A02347100BB89C7 /* POPLayerExtras.mm */ = {isa = PBXFileReference; fileEncoding = 4; lastKnownFileType = sourcecode.cpp.objcpp; path = POPLayerExtras.mm; sourceTree = "<group>"; };
		9DA24E161A02347100BB89C7 /* POPMath.h */ = {isa = PBXFileReference; fileEncoding = 4; lastKnownFileType = sourcecode.c.h; path = POPMath.h; sourceTree = "<group>"; };
		9DA24E171A02347100BB89C7 /* POPMath.mm */ = {isa = PBXFileReference; fileEncoding = 4; lastKnownFileType = sourcecode.cpp.objcpp; path = POPMath.mm; sourceTree = "<group>"; };
		9DA24E181A02347100BB89C7 /* POPPropertyAnimation.h */ = {isa = PBXFileReference; fileEncoding = 4; lastKnownFileType = sourcecode.c.h; path = POPPropertyAnimation.h; sourceTree = "<group>"; };
		9DA24E191A02347100BB89C7 /* POPPropertyAnimation.mm */ = {isa = PBXFileReference; fileEncoding = 4; lastKnownFileType = sourcecode.cpp.objcpp; path = POPPropertyAnimation.mm; sourceTree = "<group>"; };
		9DA24E1A1A02347100BB89C7 /* POPPropertyAnimationInternal.h */ = {isa = PBXFileReference; fileEncoding = 4; lastKnownFileType = sourcecode.c.h; path = POPPropertyAnimationInternal.h; sourceTree = "<group>"; };
		9DA24E1B1A02347100BB89C7 /* POPSpringAnimation.h */ = {isa = PBXFileReference; fileEncoding = 4; lastKnownFileType = sourcecode.c.h; path = POPSpringAnimation.h; sourceTree = "<group>"; };
		9DA24E1C1A02347100BB89C7 /* POPSpringAnimation.mm */ = {isa = PBXFileReference; fileEncoding = 4; lastKnownFileType = sourcecode.cpp.objcpp; path = POPSpringAnimation.mm; sourceTree = "<group>"; };
		9DA24E1D1A02347100BB89C7 /* POPSpringAnimationInternal.h */ = {isa = PBXFileReference; fileEncoding = 4; lastKnownFileType = sourcecode.c.h; path = POPSpringAnimationInternal.h; sourceTree = "<group>"; };
		9DA24E1E1A02347100BB89C7 /* POPSpringSolver.h */ = {isa = PBXFileReference; fileEncoding = 4; lastKnownFileType = sourcecode.c.h; path = POPSpringSolver.h; sourceTree = "<group>"; };
		9DA24E1F1A02347100BB89C7 /* POPVector.h */ = {isa = PBXFileReference; fileEncoding = 4; lastKnownFileType = sourcecode.c.h; path = POPVector.h; sourceTree = "<group>"; };
		9DA24E201A02347100BB89C7 /* POPVector.mm */ = {isa = PBXFileReference; fileEncoding = 4; lastKnownFileType = sourcecode.cpp.objcpp; path = POPVector.mm; sourceTree = "<group>"; };
		9DA24E221A02347100BB89C7 /* FloatConversion.h */ = {isa = PBXFileReference; fileEncoding = 4; lastKnownFileType = sourcecode.c.h; path = FloatConversion.h; sourceTree = "<group>"; };
		9DA24E231A02347100BB89C7 /* TransformationMatrix.cpp */ = {isa = PBXFileReference; fileEncoding = 4; lastKnownFileType = sourcecode.cpp.cpp; path = TransformationMatrix.cpp; sourceTree = "<group>"; };
		9DA24E241A02347100BB89C7 /* TransformationMatrix.h */ = {isa = PBXFileReference; fileEncoding = 4; lastKnownFileType = sourcecode.c.h; path = TransformationMatrix.h; sourceTree = "<group>"; };
		9DA24E251A02347100BB89C7 /* UnitBezier.h */ = {isa = PBXFileReference; fileEncoding = 4; lastKnownFileType = sourcecode.c.h; path = UnitBezier.h; sourceTree = "<group>"; };
		9DFBDFD31A64F4D200DC7DC5 /* SceneKit.framework */ = {isa = PBXFileReference; lastKnownFileType = wrapper.framework; name = SceneKit.framework; path = System/Library/Frameworks/SceneKit.framework; sourceTree = SDKROOT; };
		AA747D9E0F9514B9006C5449 /* GuyMcdoooooTipop_Prefix.pch */ = {isa = PBXFileReference; fileEncoding = 4; lastKnownFileType = sourcecode.c.h; path = GuyMcdoooooTipop_Prefix.pch; sourceTree = SOURCE_ROOT; };
		C29788B01B62354C00454566 /* Foundation.framework */ = {isa = PBXFileReference; lastKnownFileType = wrapper.framework; name = Foundation.framework; path = System/Library/Frameworks/Foundation.framework; sourceTree = SDKROOT; };
		D2AAC07E0554694100DB518D /* libGuyMcdoooooTipop.a */ = {isa = PBXFileReference; explicitFileType = archive.ar; includeInIndex = 0; path = libGuyMcdoooooTipop.a; sourceTree = BUILT_PRODUCTS_DIR; };
/* End PBXFileReference section */

/* Begin PBXFrameworksBuildPhase section */
		D2AAC07C0554694100DB518D /* Frameworks */ = {
			isa = PBXFrameworksBuildPhase;
			buildActionMask = 2147483647;
			files = (
				2CDFE85A26EFB9890013F9C3 /* TitaniumKit.xcframework in Frameworks */,
				C29788B11B62354C00454566 /* Foundation.framework in Frameworks */,
				9DFBDFD41A64F4D200DC7DC5 /* SceneKit.framework in Frameworks */,
			);
			runOnlyForDeploymentPostprocessing = 0;
		};
/* End PBXFrameworksBuildPhase section */

/* Begin PBXGroup section */
		034768DFFF38A50411DB9C8B /* Products */ = {
			isa = PBXGroup;
			children = (
				D2AAC07E0554694100DB518D /* libGuyMcdoooooTipop.a */,
			);
			name = Products;
			sourceTree = "<group>";
		};
		0867D691FE84028FC02AAC07 /* tipop */ = {
			isa = PBXGroup;
			children = (
				08FB77AEFE84172EC02AAC07 /* Classes */,
				32C88DFF0371C24200C91783 /* Other Sources */,
				9DFFF43E1A66881600F7A8AE /* Frameworks */,
				034768DFFF38A50411DB9C8B /* Products */,
			);
			name = tipop;
			sourceTree = "<group>";
		};
		08FB77AEFE84172EC02AAC07 /* Classes */ = {
			isa = PBXGroup;
			children = (
				24DD6CF71134B3F500162E58 /* GuyMcdoooooTipopModule.h */,
				24DD6CF81134B3F500162E58 /* GuyMcdoooooTipopModule.m */,
				9D7DB0E81A090634008231BF /* FBPOPAnimator.h */,
				9D7DB0E91A090634008231BF /* FBPOPAnimator.m */,
			);
			name = Classes;
			sourceTree = "<group>";
		};
		32C88DFF0371C24200C91783 /* Other Sources */ = {
			isa = PBXGroup;
			children = (
				9DA24DED1A02347100BB89C7 /* pop */,
				9D7DB0E71A08D96B008231BF /* CAMediaTimingFunction+ExtendedFunc */,
				AA747D9E0F9514B9006C5449 /* GuyMcdoooooTipop_Prefix.pch */,
				24DE9E0F11C5FE74003F90F6 /* GuyMcdoooooTipopModuleAssets.h */,
				24DE9E1011C5FE74003F90F6 /* GuyMcdoooooTipopModuleAssets.m */,
				24DD6D1B1134B66800162E58 /* titanium.xcconfig */,
			);
			name = "Other Sources";
			sourceTree = "<group>";
		};
		9D7DB0E71A08D96B008231BF /* CAMediaTimingFunction+ExtendedFunc */ = {
			isa = PBXGroup;
			children = (
				9D7DB0E31A08D6DD008231BF /* CAMediaTimingFunction+ExtendedFunc.h */,
				9D7DB0E41A08D6DD008231BF /* CAMediaTimingFunction+ExtendedFunc.m */,
			);
			name = "CAMediaTimingFunction+ExtendedFunc";
			sourceTree = "<group>";
		};
		9DA24DED1A02347100BB89C7 /* pop */ = {
			isa = PBXGroup;
			children = (
				9DA24DEE1A02347100BB89C7 /* InfoPlist.strings */,
				9DA24DF01A02347100BB89C7 /* pop-Info.plist */,
				9DA24DF21A02347100BB89C7 /* POP.h */,
				9DA24DF31A02347100BB89C7 /* POPAction.h */,
				9DA24DF41A02347100BB89C7 /* POPAnimatableProperty.h */,
				9DA24DF51A02347100BB89C7 /* POPAnimatableProperty.mm */,
				9DA24DF61A02347100BB89C7 /* POPAnimation.h */,
				9DA24DF71A02347100BB89C7 /* POPAnimation.mm */,
				9DA24DF81A02347100BB89C7 /* POPAnimationEvent.h */,
				9DA24DF91A02347100BB89C7 /* POPAnimationEvent.mm */,
				9DA24DFA1A02347100BB89C7 /* POPAnimationEventInternal.h */,
				9DA24DFB1A02347100BB89C7 /* POPAnimationExtras.h */,
				9DA24DFC1A02347100BB89C7 /* POPAnimationExtras.mm */,
				9DA24DFD1A02347100BB89C7 /* POPAnimationInternal.h */,
				9DA24DFE1A02347100BB89C7 /* POPAnimationPrivate.h */,
				9DA24DFF1A02347100BB89C7 /* POPAnimationRuntime.h */,
				9DA24E001A02347100BB89C7 /* POPAnimationRuntime.mm */,
				9DA24E011A02347100BB89C7 /* POPAnimationTracer.h */,
				9DA24E021A02347100BB89C7 /* POPAnimationTracer.mm */,
				9DA24E031A02347100BB89C7 /* POPAnimationTracerInternal.h */,
				9DA24E041A02347100BB89C7 /* POPAnimator.h */,
				9DA24E051A02347100BB89C7 /* POPAnimator.mm */,
				9DA24E061A02347100BB89C7 /* POPAnimatorPrivate.h */,
				9DA24E071A02347100BB89C7 /* POPBasicAnimation.h */,
				9DA24E081A02347100BB89C7 /* POPBasicAnimation.mm */,
				9DA24E091A02347100BB89C7 /* POPBasicAnimationInternal.h */,
				9DA24E0A1A02347100BB89C7 /* POPCGUtils.h */,
				9DA24E0B1A02347100BB89C7 /* POPCGUtils.mm */,
				9DA24E0C1A02347100BB89C7 /* POPCustomAnimation.h */,
				9DA24E0D1A02347100BB89C7 /* POPCustomAnimation.mm */,
				9DA24E0E1A02347100BB89C7 /* POPDecayAnimation.h */,
				9DA24E0F1A02347100BB89C7 /* POPDecayAnimation.mm */,
				9DA24E101A02347100BB89C7 /* POPDecayAnimationInternal.h */,
				9DA24E111A02347100BB89C7 /* POPDefines.h */,
				9DA24E121A02347100BB89C7 /* POPGeometry.h */,
				9DA24E131A02347100BB89C7 /* POPGeometry.mm */,
				9DA24E141A02347100BB89C7 /* POPLayerExtras.h */,
				9DA24E151A02347100BB89C7 /* POPLayerExtras.mm */,
				9DA24E161A02347100BB89C7 /* POPMath.h */,
				9DA24E171A02347100BB89C7 /* POPMath.mm */,
				9DA24E181A02347100BB89C7 /* POPPropertyAnimation.h */,
				9DA24E191A02347100BB89C7 /* POPPropertyAnimation.mm */,
				9DA24E1A1A02347100BB89C7 /* POPPropertyAnimationInternal.h */,
				9DA24E1B1A02347100BB89C7 /* POPSpringAnimation.h */,
				9DA24E1C1A02347100BB89C7 /* POPSpringAnimation.mm */,
				9DA24E1D1A02347100BB89C7 /* POPSpringAnimationInternal.h */,
				9DA24E1E1A02347100BB89C7 /* POPSpringSolver.h */,
				9DA24E1F1A02347100BB89C7 /* POPVector.h */,
				9DA24E201A02347100BB89C7 /* POPVector.mm */,
				9DA24E211A02347100BB89C7 /* WebCore */,
			);
			name = pop;
			path = Classes/pop;
			sourceTree = "<group>";
		};
		9DA24E211A02347100BB89C7 /* WebCore */ = {
			isa = PBXGroup;
			children = (
				9DA24E221A02347100BB89C7 /* FloatConversion.h */,
				9DA24E231A02347100BB89C7 /* TransformationMatrix.cpp */,
				9DA24E241A02347100BB89C7 /* TransformationMatrix.h */,
				9DA24E251A02347100BB89C7 /* UnitBezier.h */,
			);
			path = WebCore;
			sourceTree = "<group>";
		};
		9DFFF43E1A66881600F7A8AE /* Frameworks */ = {
			isa = PBXGroup;
			children = (
				2CDFE85926EFB9880013F9C3 /* TitaniumKit.xcframework */,
				C29788B01B62354C00454566 /* Foundation.framework */,
				9DFBDFD31A64F4D200DC7DC5 /* SceneKit.framework */,
			);
			name = Frameworks;
			sourceTree = "<group>";
		};
/* End PBXGroup section */

/* Begin PBXHeadersBuildPhase section */
		D2AAC07A0554694100DB518D /* Headers */ = {
			isa = PBXHeadersBuildPhase;
			buildActionMask = 2147483647;
			files = (
				9DA24E581A02347100BB89C7 /* TransformationMatrix.h in Headers */,
				9DA24E301A02347100BB89C7 /* POPAnimationExtras.h in Headers */,
				9DA24E331A02347100BB89C7 /* POPAnimationPrivate.h in Headers */,
				9DA24E361A02347100BB89C7 /* POPAnimationTracer.h in Headers */,
				9DA24E451A02347100BB89C7 /* POPDecayAnimationInternal.h in Headers */,
				9DA24E4D1A02347100BB89C7 /* POPPropertyAnimation.h in Headers */,
				9DA24E541A02347100BB89C7 /* POPVector.h in Headers */,
				9DA24E471A02347100BB89C7 /* POPGeometry.h in Headers */,
				9DA24E501A02347100BB89C7 /* POPSpringAnimation.h in Headers */,
				9DA24E341A02347100BB89C7 /* POPAnimationRuntime.h in Headers */,
				9DA24E531A02347100BB89C7 /* POPSpringSolver.h in Headers */,
				9DA24E281A02347100BB89C7 /* POPAction.h in Headers */,
				9DA24E3B1A02347100BB89C7 /* POPAnimatorPrivate.h in Headers */,
				9D7DB0EA1A090634008231BF /* FBPOPAnimator.h in Headers */,
				9DA24E291A02347100BB89C7 /* POPAnimatableProperty.h in Headers */,
				9DA24E491A02347100BB89C7 /* POPLayerExtras.h in Headers */,
				9DA24E561A02347100BB89C7 /* FloatConversion.h in Headers */,
				AA747D9F0F9514B9006C5449 /* GuyMcdoooooTipop_Prefix.pch in Headers */,
				9DA24E3C1A02347100BB89C7 /* POPBasicAnimation.h in Headers */,
				9DA24E4F1A02347100BB89C7 /* POPPropertyAnimationInternal.h in Headers */,
				9DA24E321A02347100BB89C7 /* POPAnimationInternal.h in Headers */,
				9D7DB0E51A08D6DD008231BF /* CAMediaTimingFunction+ExtendedFunc.h in Headers */,
				9DA24E3F1A02347100BB89C7 /* POPCGUtils.h in Headers */,
				9DA24E521A02347100BB89C7 /* POPSpringAnimationInternal.h in Headers */,
				9DA24E431A02347100BB89C7 /* POPDecayAnimation.h in Headers */,
				9DA24E2D1A02347100BB89C7 /* POPAnimationEvent.h in Headers */,
				9DA24E411A02347100BB89C7 /* POPCustomAnimation.h in Headers */,
				9DA24E2B1A02347100BB89C7 /* POPAnimation.h in Headers */,
				9DA24E591A02347100BB89C7 /* UnitBezier.h in Headers */,
				9DA24E2F1A02347100BB89C7 /* POPAnimationEventInternal.h in Headers */,
				24DD6CF91134B3F500162E58 /* GuyMcdoooooTipopModule.h in Headers */,
				9DA24E3E1A02347100BB89C7 /* POPBasicAnimationInternal.h in Headers */,
				24DE9E1111C5FE74003F90F6 /* GuyMcdoooooTipopModuleAssets.h in Headers */,
				9DA24E391A02347100BB89C7 /* POPAnimator.h in Headers */,
				9DA24E4B1A02347100BB89C7 /* POPMath.h in Headers */,
				9DA24E461A02347100BB89C7 /* POPDefines.h in Headers */,
				9DA24E271A02347100BB89C7 /* POP.h in Headers */,
				9DA24E381A02347100BB89C7 /* POPAnimationTracerInternal.h in Headers */,
			);
			runOnlyForDeploymentPostprocessing = 0;
		};
/* End PBXHeadersBuildPhase section */

/* Begin PBXNativeTarget section */
		D2AAC07D0554694100DB518D /* tipop */ = {
			isa = PBXNativeTarget;
			buildConfigurationList = 1DEB921E08733DC00010E9CD /* Build configuration list for PBXNativeTarget "tipop" */;
			buildPhases = (
				D2AAC07A0554694100DB518D /* Headers */,
				D2AAC07B0554694100DB518D /* Sources */,
				D2AAC07C0554694100DB518D /* Frameworks */,
			);
			buildRules = (
			);
			dependencies = (
			);
			name = tipop;
			productName = tipop;
			productReference = D2AAC07E0554694100DB518D /* libGuyMcdoooooTipop.a */;
			productType = "com.apple.product-type.library.static";
		};
/* End PBXNativeTarget section */

/* Begin PBXProject section */
		0867D690FE84028FC02AAC07 /* Project object */ = {
			isa = PBXProject;
			attributes = {
				LastUpgradeCheck = 1250;
			};
			buildConfigurationList = 1DEB922208733DC00010E9CD /* Build configuration list for PBXProject "tipop" */;
			compatibilityVersion = "Xcode 3.2";
			developmentRegion = en;
			hasScannedForEncodings = 1;
			knownRegions = (
				en,
				fr,
				Base,
				ja,
				de,
			);
			mainGroup = 0867D691FE84028FC02AAC07 /* tipop */;
			productRefGroup = 034768DFFF38A50411DB9C8B /* Products */;
			projectDirPath = "";
			projectRoot = "";
			targets = (
				D2AAC07D0554694100DB518D /* tipop */,
				24416B8111C4CA220047AFDD /* Build & Test */,
			);
		};
/* End PBXProject section */

/* Begin PBXShellScriptBuildPhase section */
		24416B8011C4CA220047AFDD /* ShellScript */ = {
			isa = PBXShellScriptBuildPhase;
			buildActionMask = 2147483647;
			files = (
			);
			inputPaths = (
			);
			outputPaths = (
			);
			runOnlyForDeploymentPostprocessing = 0;
			shellPath = /bin/sh;
			shellScript = "# shell script goes here\n\npython \"${TITANIUM_SDK}/titanium.py\" run --dir=\"${PROJECT_DIR}\"\nexit $?\n";
		};
/* End PBXShellScriptBuildPhase section */

/* Begin PBXSourcesBuildPhase section */
		D2AAC07B0554694100DB518D /* Sources */ = {
			isa = PBXSourcesBuildPhase;
			buildActionMask = 2147483647;
			files = (
				9D7DB0E61A08D6DD008231BF /* CAMediaTimingFunction+ExtendedFunc.m in Sources */,
				24DD6CFA1134B3F500162E58 /* GuyMcdoooooTipopModule.m in Sources */,
				9DA24E351A02347100BB89C7 /* POPAnimationRuntime.mm in Sources */,
				9DA24E4E1A02347100BB89C7 /* POPPropertyAnimation.mm in Sources */,
				9DA24E2E1A02347100BB89C7 /* POPAnimationEvent.mm in Sources */,
				9DA24E481A02347100BB89C7 /* POPGeometry.mm in Sources */,
				24DE9E1211C5FE74003F90F6 /* GuyMcdoooooTipopModuleAssets.m in Sources */,
				9DA24E551A02347100BB89C7 /* POPVector.mm in Sources */,
				9DA24E401A02347100BB89C7 /* POPCGUtils.mm in Sources */,
				9DA24E3A1A02347100BB89C7 /* POPAnimator.mm in Sources */,
				9DA24E571A02347100BB89C7 /* TransformationMatrix.cpp in Sources */,
				9DA24E4A1A02347100BB89C7 /* POPLayerExtras.mm in Sources */,
				9DA24E441A02347100BB89C7 /* POPDecayAnimation.mm in Sources */,
				9DA24E3D1A02347100BB89C7 /* POPBasicAnimation.mm in Sources */,
				9DA24E511A02347100BB89C7 /* POPSpringAnimation.mm in Sources */,
				9DA24E311A02347100BB89C7 /* POPAnimationExtras.mm in Sources */,
				9D7DB0EB1A090634008231BF /* FBPOPAnimator.m in Sources */,
				9DA24E4C1A02347100BB89C7 /* POPMath.mm in Sources */,
				9DA24E371A02347100BB89C7 /* POPAnimationTracer.mm in Sources */,
				9DA24E2C1A02347100BB89C7 /* POPAnimation.mm in Sources */,
				9DA24E2A1A02347100BB89C7 /* POPAnimatableProperty.mm in Sources */,
				9DA24E421A02347100BB89C7 /* POPCustomAnimation.mm in Sources */,
			);
			runOnlyForDeploymentPostprocessing = 0;
		};
/* End PBXSourcesBuildPhase section */

/* Begin PBXTargetDependency section */
		24416B8511C4CA280047AFDD /* PBXTargetDependency */ = {
			isa = PBXTargetDependency;
			target = D2AAC07D0554694100DB518D /* tipop */;
			targetProxy = 24416B8411C4CA280047AFDD /* PBXContainerItemProxy */;
		};
/* End PBXTargetDependency section */

/* Begin PBXVariantGroup section */
		9DA24DEE1A02347100BB89C7 /* InfoPlist.strings */ = {
			isa = PBXVariantGroup;
			children = (
				9DA24DEF1A02347100BB89C7 /* en */,
			);
			name = InfoPlist.strings;
			sourceTree = "<group>";
		};
/* End PBXVariantGroup section */

/* Begin XCBuildConfiguration section */
		1DEB921F08733DC00010E9CD /* Debug */ = {
			isa = XCBuildConfiguration;
			baseConfigurationReference = 24DD6D1B1134B66800162E58 /* titanium.xcconfig */;
			buildSettings = {
				CLANG_ALLOW_NON_MODULAR_INCLUDES_IN_FRAMEWORK_MODULES = NO;
				CLANG_CXX_LANGUAGE_STANDARD = "gnu++0x";
				CLANG_CXX_LIBRARY = "libc++";
				CLANG_ENABLE_MODULES = YES;
				CLANG_ENABLE_OBJC_ARC = YES;
				CLANG_WARN_BOOL_CONVERSION = "$(CLANG_WARN_SUSPICIOUS_IMPLICIT_CONVERSION)";
				CLANG_WARN_CONSTANT_CONVERSION = "$(CLANG_WARN_SUSPICIOUS_IMPLICIT_CONVERSION)";
				CLANG_WARN_EMPTY_BODY = YES;
				CODE_SIGN_IDENTITY = "iPhone Developer";
				"CODE_SIGN_IDENTITY[sdk=iphoneos*]" = "iPhone Developer";
				DEFINES_MODULE = NO;
				DSTROOT = /tmp/GuyMcdoooooTipop.dst;
				FRAMEWORK_SEARCH_PATHS = (
					"$(inherited)",
					"$(PROJECT_DIR)",
				);
				"FRAMEWORK_SEARCH_PATHS[arch=*]" = "";
				GCC_C_LANGUAGE_STANDARD = gnu99;
				GCC_OPTIMIZATION_LEVEL = 0;
				GCC_PRECOMPILE_PREFIX_HEADER = YES;
				GCC_PREFIX_HEADER = GuyMcdoooooTipop_Prefix.pch;
				GCC_PREPROCESSOR_DEFINITIONS = "TI_VERSION=$(TI_VERSION)";
				GCC_TREAT_WARNINGS_AS_ERRORS = NO;
				GCC_VERSION = "";
				GCC_WARN_ABOUT_RETURN_TYPE = NO;
				GCC_WARN_MISSING_PARENTHESES = NO;
				GCC_WARN_SHADOW = NO;
				GCC_WARN_STRICT_SELECTOR_MATCH = NO;
				GCC_WARN_UNUSED_FUNCTION = YES;
				GCC_WARN_UNUSED_PARAMETER = NO;
				GCC_WARN_UNUSED_VALUE = NO;
				GCC_WARN_UNUSED_VARIABLE = NO;
				INSTALL_PATH = /usr/local/lib;
				IPHONEOS_DEPLOYMENT_TARGET = 12.1;
				LIBRARY_SEARCH_PATHS = "";
				OTHER_CFLAGS = (
					"-DDEBUG",
					"-DTI_POST_1_2",
				);
				OTHER_LDFLAGS = "";
				PRODUCT_NAME = GuyMcdoooooTipop;
				PROVISIONING_PROFILE = "";
				"PROVISIONING_PROFILE[sdk=iphoneos*]" = "";
				RUN_CLANG_STATIC_ANALYZER = NO;
				SDKROOT = iphoneos;
				USER_HEADER_SEARCH_PATHS = "";
			};
			name = Debug;
		};
		1DEB922008733DC00010E9CD /* Release */ = {
			isa = XCBuildConfiguration;
			baseConfigurationReference = 24DD6D1B1134B66800162E58 /* titanium.xcconfig */;
			buildSettings = {
				ALWAYS_SEARCH_USER_PATHS = NO;
				CLANG_ALLOW_NON_MODULAR_INCLUDES_IN_FRAMEWORK_MODULES = NO;
				CLANG_CXX_LANGUAGE_STANDARD = "gnu++0x";
				CLANG_CXX_LIBRARY = "libc++";
				CLANG_ENABLE_MODULES = YES;
				CLANG_ENABLE_OBJC_ARC = YES;
				CLANG_WARN_BOOL_CONVERSION = "$(CLANG_WARN_SUSPICIOUS_IMPLICIT_CONVERSION)";
				CLANG_WARN_CONSTANT_CONVERSION = "$(CLANG_WARN_SUSPICIOUS_IMPLICIT_CONVERSION)";
				CLANG_WARN_EMPTY_BODY = YES;
				DEFINES_MODULE = NO;
				DSTROOT = /tmp/GuyMcdoooooTipop.dst;
				FRAMEWORK_SEARCH_PATHS = (
					"$(inherited)",
					"$(PROJECT_DIR)",
				);
				"FRAMEWORK_SEARCH_PATHS[arch=*]" = "";
				GCC_C_LANGUAGE_STANDARD = gnu99;
				GCC_MODEL_TUNING = G5;
				GCC_PRECOMPILE_PREFIX_HEADER = YES;
				GCC_PREFIX_HEADER = GuyMcdoooooTipop_Prefix.pch;
				GCC_PREPROCESSOR_DEFINITIONS = "TI_VERSION=$(TI_VERSION)";
				GCC_TREAT_WARNINGS_AS_ERRORS = NO;
				GCC_VERSION = "";
				GCC_WARN_ABOUT_RETURN_TYPE = NO;
				GCC_WARN_MISSING_PARENTHESES = NO;
				GCC_WARN_SHADOW = NO;
				GCC_WARN_STRICT_SELECTOR_MATCH = NO;
				GCC_WARN_UNUSED_FUNCTION = YES;
				GCC_WARN_UNUSED_PARAMETER = NO;
				GCC_WARN_UNUSED_VALUE = NO;
				GCC_WARN_UNUSED_VARIABLE = NO;
				INSTALL_PATH = /usr/local/lib;
				IPHONEOS_DEPLOYMENT_TARGET = 12.1;
				LIBRARY_SEARCH_PATHS = "";
				OTHER_CFLAGS = "-DTI_POST_1_2";
				OTHER_LDFLAGS = "";
				PRODUCT_NAME = GuyMcdoooooTipop;
				RUN_CLANG_STATIC_ANALYZER = NO;
				SDKROOT = iphoneos;
				USER_HEADER_SEARCH_PATHS = "";
			};
			name = Release;
		};
		1DEB922308733DC00010E9CD /* Debug */ = {
			isa = XCBuildConfiguration;
			baseConfigurationReference = 24DD6D1B1134B66800162E58 /* titanium.xcconfig */;
			buildSettings = {
				CLANG_ANALYZER_LOCALIZABILITY_NONLOCALIZED = YES;
				CLANG_CXX_LIBRARY = "compiler-default";
				CLANG_ENABLE_MODULES = YES;
				CLANG_WARN_BLOCK_CAPTURE_AUTORELEASING = YES;
				CLANG_WARN_BOOL_CONVERSION = YES;
				CLANG_WARN_COMMA = YES;
				CLANG_WARN_CONSTANT_CONVERSION = YES;
				CLANG_WARN_DEPRECATED_OBJC_IMPLEMENTATIONS = YES;
				CLANG_WARN_EMPTY_BODY = YES;
				CLANG_WARN_ENUM_CONVERSION = YES;
				CLANG_WARN_INFINITE_RECURSION = YES;
				CLANG_WARN_INT_CONVERSION = YES;
				CLANG_WARN_NON_LITERAL_NULL_CONVERSION = YES;
				CLANG_WARN_OBJC_IMPLICIT_RETAIN_SELF = YES;
				CLANG_WARN_OBJC_LITERAL_CONVERSION = YES;
				CLANG_WARN_QUOTED_INCLUDE_IN_FRAMEWORK_HEADER = YES;
				CLANG_WARN_RANGE_LOOP_ANALYSIS = YES;
				CLANG_WARN_STRICT_PROTOTYPES = YES;
				CLANG_WARN_SUSPICIOUS_MOVE = YES;
				CLANG_WARN_UNREACHABLE_CODE = YES;
				CLANG_WARN__DUPLICATE_METHOD_MATCH = YES;
				CODE_SIGN_IDENTITY = "iPhone Developer";
				"CODE_SIGN_IDENTITY[sdk=iphoneos*]" = "iPhone Developer";
				DSTROOT = /tmp/GuyMcdoooooTipop.dst;
				ENABLE_STRICT_OBJC_MSGSEND = YES;
				ENABLE_TESTABILITY = YES;
				"FRAMEWORK_SEARCH_PATHS[arch=*]" = "/Users/logicdesign/Library/Developer/Xcode/DerivedData/tipop-cvetucwqxuhcoddipwtykqjcrwep/Build/Products/Debug-iphoneos/pop.framework";
				GCC_C_LANGUAGE_STANDARD = c99;
				GCC_NO_COMMON_BLOCKS = YES;
				GCC_OPTIMIZATION_LEVEL = 0;
				GCC_PRECOMPILE_PREFIX_HEADER = YES;
				GCC_PREFIX_HEADER = GuyMcdoooooTipop_Prefix.pch;
				GCC_PREPROCESSOR_DEFINITIONS = "TI_VERSION=$(TI_VERSION)";
				GCC_TREAT_WARNINGS_AS_ERRORS = NO;
				GCC_VERSION = "";
				GCC_WARN_64_TO_32_BIT_CONVERSION = YES;
				GCC_WARN_ABOUT_RETURN_TYPE = NO;
				GCC_WARN_MISSING_PARENTHESES = NO;
				GCC_WARN_SHADOW = NO;
				GCC_WARN_STRICT_SELECTOR_MATCH = NO;
				GCC_WARN_UNDECLARED_SELECTOR = YES;
				GCC_WARN_UNINITIALIZED_AUTOS = YES;
				GCC_WARN_UNUSED_FUNCTION = YES;
				GCC_WARN_UNUSED_PARAMETER = NO;
				GCC_WARN_UNUSED_VALUE = NO;
				GCC_WARN_UNUSED_VARIABLE = NO;
				INSTALL_PATH = /usr/local/lib;
				IPHONEOS_DEPLOYMENT_TARGET = 12.1;
				ONLY_ACTIVE_ARCH = YES;
				OTHER_CFLAGS = (
					"-DDEBUG",
					"-DTI_POST_1_2",
				);
				OTHER_LDFLAGS = "-ObjC";
				PRODUCT_NAME = GuyMcdoooooTipop;
				PROVISIONING_PROFILE = "";
				"PROVISIONING_PROFILE[sdk=iphoneos*]" = "";
				RUN_CLANG_STATIC_ANALYZER = NO;
				SDKROOT = iphoneos;
				USER_HEADER_SEARCH_PATHS = "";
			};
			name = Debug;
		};
		1DEB922408733DC00010E9CD /* Release */ = {
			isa = XCBuildConfiguration;
			baseConfigurationReference = 24DD6D1B1134B66800162E58 /* titanium.xcconfig */;
			buildSettings = {
				ALWAYS_SEARCH_USER_PATHS = NO;
				CLANG_ANALYZER_LOCALIZABILITY_NONLOCALIZED = YES;
				CLANG_CXX_LIBRARY = "compiler-default";
				CLANG_ENABLE_MODULES = YES;
				CLANG_WARN_BLOCK_CAPTURE_AUTORELEASING = YES;
				CLANG_WARN_BOOL_CONVERSION = YES;
				CLANG_WARN_COMMA = YES;
				CLANG_WARN_CONSTANT_CONVERSION = YES;
				CLANG_WARN_DEPRECATED_OBJC_IMPLEMENTATIONS = YES;
				CLANG_WARN_EMPTY_BODY = YES;
				CLANG_WARN_ENUM_CONVERSION = YES;
				CLANG_WARN_INFINITE_RECURSION = YES;
				CLANG_WARN_INT_CONVERSION = YES;
				CLANG_WARN_NON_LITERAL_NULL_CONVERSION = YES;
				CLANG_WARN_OBJC_IMPLICIT_RETAIN_SELF = YES;
				CLANG_WARN_OBJC_LITERAL_CONVERSION = YES;
				CLANG_WARN_QUOTED_INCLUDE_IN_FRAMEWORK_HEADER = YES;
				CLANG_WARN_RANGE_LOOP_ANALYSIS = YES;
				CLANG_WARN_STRICT_PROTOTYPES = YES;
				CLANG_WARN_SUSPICIOUS_MOVE = YES;
				CLANG_WARN_UNREACHABLE_CODE = YES;
				CLANG_WARN__DUPLICATE_METHOD_MATCH = YES;
				DSTROOT = /tmp/GuyMcdoooooTipop.dst;
				ENABLE_STRICT_OBJC_MSGSEND = YES;
				"FRAMEWORK_SEARCH_PATHS[arch=*]" = "/Users/logicdesign/Library/Developer/Xcode/DerivedData/tipop-cvetucwqxuhcoddipwtykqjcrwep/Build/Products/Debug-iphoneos/pop.framework";
				GCC_C_LANGUAGE_STANDARD = c99;
				GCC_MODEL_TUNING = G5;
				GCC_NO_COMMON_BLOCKS = YES;
				GCC_PRECOMPILE_PREFIX_HEADER = YES;
				GCC_PREFIX_HEADER = GuyMcdoooooTipop_Prefix.pch;
				GCC_PREPROCESSOR_DEFINITIONS = "TI_VERSION=$(TI_VERSION)";
				GCC_TREAT_WARNINGS_AS_ERRORS = NO;
				GCC_VERSION = "";
				GCC_WARN_64_TO_32_BIT_CONVERSION = YES;
				GCC_WARN_ABOUT_RETURN_TYPE = NO;
				GCC_WARN_MISSING_PARENTHESES = NO;
				GCC_WARN_SHADOW = NO;
				GCC_WARN_STRICT_SELECTOR_MATCH = NO;
				GCC_WARN_UNDECLARED_SELECTOR = YES;
				GCC_WARN_UNINITIALIZED_AUTOS = YES;
				GCC_WARN_UNUSED_FUNCTION = YES;
				GCC_WARN_UNUSED_PARAMETER = NO;
				GCC_WARN_UNUSED_VALUE = NO;
				GCC_WARN_UNUSED_VARIABLE = NO;
				INSTALL_PATH = /usr/local/lib;
				IPHONEOS_DEPLOYMENT_TARGET = 12.1;
				OTHER_CFLAGS = "-DTI_POST_1_2";
				OTHER_LDFLAGS = "-ObjC";
				PRODUCT_NAME = GuyMcdoooooTipop;
				RUN_CLANG_STATIC_ANALYZER = NO;
				SDKROOT = iphoneos;
				USER_HEADER_SEARCH_PATHS = "";
			};
			name = Release;
		};
		24416B8211C4CA220047AFDD /* Debug */ = {
			isa = XCBuildConfiguration;
			baseConfigurationReference = 24DD6D1B1134B66800162E58 /* titanium.xcconfig */;
			buildSettings = {
				CLANG_ENABLE_OBJC_WEAK = YES;
				COPY_PHASE_STRIP = NO;
				GCC_DYNAMIC_NO_PIC = NO;
				GCC_OPTIMIZATION_LEVEL = 0;
				PRODUCT_NAME = "Build & test";
			};
			name = Debug;
		};
		24416B8311C4CA220047AFDD /* Release */ = {
			isa = XCBuildConfiguration;
			baseConfigurationReference = 24DD6D1B1134B66800162E58 /* titanium.xcconfig */;
			buildSettings = {
				CLANG_ENABLE_OBJC_WEAK = YES;
				COPY_PHASE_STRIP = YES;
				DEBUG_INFORMATION_FORMAT = "dwarf-with-dsym";
				PRODUCT_NAME = "Build & test";
				ZERO_LINK = NO;
			};
			name = Release;
		};
/* End XCBuildConfiguration section */

/* Begin XCConfigurationList section */
		1DEB921E08733DC00010E9CD /* Build configuration list for PBXNativeTarget "tipop" */ = {
			isa = XCConfigurationList;
			buildConfigurations = (
				1DEB921F08733DC00010E9CD /* Debug */,
				1DEB922008733DC00010E9CD /* Release */,
			);
			defaultConfigurationIsVisible = 0;
			defaultConfigurationName = Release;
		};
		1DEB922208733DC00010E9CD /* Build configuration list for PBXProject "tipop" */ = {
			isa = XCConfigurationList;
			buildConfigurations = (
				1DEB922308733DC00010E9CD /* Debug */,
				1DEB922408733DC00010E9CD /* Release */,
			);
			defaultConfigurationIsVisible = 0;
			defaultConfigurationName = Release;
		};
		24416B8A11C4CA520047AFDD /* Build configuration list for PBXAggregateTarget "Build & Test" */ = {
			isa = XCConfigurationList;
			buildConfigurations = (
				24416B8211C4CA220047AFDD /* Debug */,
				24416B8311C4CA220047AFDD /* Release */,
			);
			defaultConfigurationIsVisible = 0;
			defaultConfigurationName = Release;
		};
/* End XCConfigurationList section */
	};
	rootObject = 0867D690FE84028FC02AAC07 /* Project object */;
}
